
Microsoft Visual Studio Solution File, Format Version 12.00
# Visual Studio Version 17
VisualStudioVersion = 17.13.35931.197 d17.13
MinimumVisualStudioVersion = 10.0.40219.1
Project("{FAE04EC0-301F-11D3-BF4B-00C04F79EFBC}") = "GestorComercial_API", "GestorComercial_API.csproj", "{FC337BBE-98DD-4C5F-88DE-3AFFBF2E9767}"
EndProject
Global
	GlobalSection(SolutionConfigurationPlatforms) = preSolution
		Debug|Any CPU = Debug|Any CPU
		Release|Any CPU = Release|Any CPU
	EndGlobalSection
	GlobalSection(ProjectConfigurationPlatforms) = postSolution
		{FC337BBE-98DD-4C5F-88DE-3AFFBF2E9767}.Debug|Any CPU.ActiveCfg = Debug|Any CPU
		{FC337BBE-98DD-4C5F-88DE-3AFFBF2E9767}.Debug|Any CPU.Build.0 = Debug|Any CPU
		{FC337BBE-98DD-4C5F-88DE-3AFFBF2E9767}.Release|Any CPU.ActiveCfg = Release|Any CPU
		{FC337BBE-98DD-4C5F-88DE-3AFFBF2E9767}.Release|Any CPU.Build.0 = Release|Any CPU
	EndGlobalSection
	GlobalSection(SolutionProperties) = preSolution
		HideSolutionNode = FALSE
	EndGlobalSection
	GlobalSection(ExtensibilityGlobals) = postSolution
		SolutionGuid = {B7830CD8-637F-463A-AB0A-D2722256F45D}
	EndGlobalSection
EndGlobal
